
Microsoft Visual Studio Solution File, Format Version 12.00
# Visual Studio Version 17
VisualStudioVersion = 17.3.32922.545
MinimumVisualStudioVersion = 10.0.40219.1
Project("{FAE04EC0-301F-11D3-BF4B-00C04F79EFBC}") = "10.17.menus", "10.17.menus\10.17.menus.csproj", "{FF8138E4-8D6A-4F8F-9730-D4F65D3FC6BE}"
EndProject
Global
	GlobalSection(SolutionConfigurationPlatforms) = preSolution
		Debug|Any CPU = Debug|Any CPU
		Release|Any CPU = Release|Any CPU
	EndGlobalSection
	GlobalSection(ProjectConfigurationPlatforms) = postSolution
		{FF8138E4-8D6A-4F8F-9730-D4F65D3FC6BE}.Debug|Any CPU.ActiveCfg = Debug|Any CPU
		{FF8138E4-8D6A-4F8F-9730-D4F65D3FC6BE}.Debug|Any CPU.Build.0 = Debug|Any CPU
		{FF8138E4-8D6A-4F8F-9730-D4F65D3FC6BE}.Release|Any CPU.ActiveCfg = Release|Any CPU
		{FF8138E4-8D6A-4F8F-9730-D4F65D3FC6BE}.Release|Any CPU.Build.0 = Release|Any CPU
	EndGlobalSection
	GlobalSection(SolutionProperties) = preSolution
		HideSolutionNode = FALSE
	EndGlobalSection
	GlobalSection(ExtensibilityGlobals) = postSolution
		SolutionGuid = {E85D93D4-7FD2-419B-949B-2433B6FB10E5}
	EndGlobalSection
EndGlobal
